
Microsoft Visual Studio Solution File, Format Version 12.00
# Visual Studio Version 17
VisualStudioVersion = 17.9.34728.123
MinimumVisualStudioVersion = 10.0.40219.1
Project("{9A19103F-16F7-4668-BE54-9A1E7A4F7556}") = "WebClient", "WebClient.csproj", "{883179B8-63F3-443C-8396-048DE9F9E97E}"
EndProject
Project("{2150E333-8FDC-42A3-9474-1A3956D46DE8}") = "Domain", "Domain", "{9FE3E2E4-CEA3-4CD1-B778-B6AA2082C93C}"
EndProject
Project("{2150E333-8FDC-42A3-9474-1A3956D46DE8}") = "Buisnes Logic", "Buisnes Logic", "{05201C37-5174-4413-90E8-F8E607CB608F}"
EndProject
Project("{2150E333-8FDC-42A3-9474-1A3956D46DE8}") = "Infrastructure", "Infrastructure", "{3CB92E0A-F4C2-497D-8B97-861E67CA1F45}"
EndProject
Project("{9A19103F-16F7-4668-BE54-9A1E7A4F7556}") = "WebServer", "..\WebServer\WebServer.csproj", "{33CF9488-4B16-4125-A0A2-F1330AF64B29}"
EndProject
Project("{9A19103F-16F7-4668-BE54-9A1E7A4F7556}") = "DomainInfrastructure", "..\..\DomainInfrastructure\DomainInfrastructure.csproj", "{13DD116A-F3B8-4C2C-9618-427DFA9AB9E2}"
EndProject
Project("{9A19103F-16F7-4668-BE54-9A1E7A4F7556}") = "DomainModel", "..\..\DomainModel\DomainModel.csproj", "{985C6AB9-B3BF-43C3-846F-64A78520174D}"
EndProject
Project("{9A19103F-16F7-4668-BE54-9A1E7A4F7556}") = "AppServiceInterfice", "..\..\BuisnesLogic\AppServiceInterfice.csproj", "{AC1FCEDC-D891-4EAA-8900-76A98C5CBB3C}"
EndProject
Project("{2150E333-8FDC-42A3-9474-1A3956D46DE8}") = "Tests", "Tests", "{2B361E06-CFE8-4840-B96F-6C800C820A83}"
EndProject
Project("{FAE04EC0-301F-11D3-BF4B-00C04F79EFBC}") = "UnitTests", "..\UnitTests\UnitTests.csproj", "{BCD9D1F4-23B6-4B3D-833E-BA1AF2C20526}"
EndProject
Global
	GlobalSection(SolutionConfigurationPlatforms) = preSolution
		Debug|Any CPU = Debug|Any CPU
		Release|Any CPU = Release|Any CPU
	EndGlobalSection
	GlobalSection(ProjectConfigurationPlatforms) = postSolution
		{883179B8-63F3-443C-8396-048DE9F9E97E}.Debug|Any CPU.ActiveCfg = Debug|Any CPU
		{883179B8-63F3-443C-8396-048DE9F9E97E}.Debug|Any CPU.Build.0 = Debug|Any CPU
		{883179B8-63F3-443C-8396-048DE9F9E97E}.Release|Any CPU.ActiveCfg = Release|Any CPU
		{883179B8-63F3-443C-8396-048DE9F9E97E}.Release|Any CPU.Build.0 = Release|Any CPU
		{33CF9488-4B16-4125-A0A2-F1330AF64B29}.Debug|Any CPU.ActiveCfg = Debug|Any CPU
		{33CF9488-4B16-4125-A0A2-F1330AF64B29}.Debug|Any CPU.Build.0 = Debug|Any CPU
		{33CF9488-4B16-4125-A0A2-F1330AF64B29}.Release|Any CPU.ActiveCfg = Release|Any CPU
		{33CF9488-4B16-4125-A0A2-F1330AF64B29}.Release|Any CPU.Build.0 = Release|Any CPU
		{13DD116A-F3B8-4C2C-9618-427DFA9AB9E2}.Debug|Any CPU.ActiveCfg = Debug|Any CPU
		{13DD116A-F3B8-4C2C-9618-427DFA9AB9E2}.Debug|Any CPU.Build.0 = Debug|Any CPU
		{13DD116A-F3B8-4C2C-9618-427DFA9AB9E2}.Release|Any CPU.ActiveCfg = Release|Any CPU
		{13DD116A-F3B8-4C2C-9618-427DFA9AB9E2}.Release|Any CPU.Build.0 = Release|Any CPU
		{985C6AB9-B3BF-43C3-846F-64A78520174D}.Debug|Any CPU.ActiveCfg = Debug|Any CPU
		{985C6AB9-B3BF-43C3-846F-64A78520174D}.Debug|Any CPU.Build.0 = Debug|Any CPU
		{985C6AB9-B3BF-43C3-846F-64A78520174D}.Release|Any CPU.ActiveCfg = Release|Any CPU
		{985C6AB9-B3BF-43C3-846F-64A78520174D}.Release|Any CPU.Build.0 = Release|Any CPU
		{AC1FCEDC-D891-4EAA-8900-76A98C5CBB3C}.Debug|Any CPU.ActiveCfg = Debug|Any CPU
		{AC1FCEDC-D891-4EAA-8900-76A98C5CBB3C}.Debug|Any CPU.Build.0 = Debug|Any CPU
		{AC1FCEDC-D891-4EAA-8900-76A98C5CBB3C}.Release|Any CPU.ActiveCfg = Release|Any CPU
		{AC1FCEDC-D891-4EAA-8900-76A98C5CBB3C}.Release|Any CPU.Build.0 = Release|Any CPU
		{BCD9D1F4-23B6-4B3D-833E-BA1AF2C20526}.Debug|Any CPU.ActiveCfg = Debug|Any CPU
		{BCD9D1F4-23B6-4B3D-833E-BA1AF2C20526}.Debug|Any CPU.Build.0 = Debug|Any CPU
		{BCD9D1F4-23B6-4B3D-833E-BA1AF2C20526}.Release|Any CPU.ActiveCfg = Release|Any CPU
		{BCD9D1F4-23B6-4B3D-833E-BA1AF2C20526}.Release|Any CPU.Build.0 = Release|Any CPU
	EndGlobalSection
	GlobalSection(SolutionProperties) = preSolution
		HideSolutionNode = FALSE
	EndGlobalSection
	GlobalSection(NestedProjects) = preSolution
		{883179B8-63F3-443C-8396-048DE9F9E97E} = {3CB92E0A-F4C2-497D-8B97-861E67CA1F45}
		{33CF9488-4B16-4125-A0A2-F1330AF64B29} = {3CB92E0A-F4C2-497D-8B97-861E67CA1F45}
		{13DD116A-F3B8-4C2C-9618-427DFA9AB9E2} = {9FE3E2E4-CEA3-4CD1-B778-B6AA2082C93C}
		{985C6AB9-B3BF-43C3-846F-64A78520174D} = {9FE3E2E4-CEA3-4CD1-B778-B6AA2082C93C}
		{AC1FCEDC-D891-4EAA-8900-76A98C5CBB3C} = {05201C37-5174-4413-90E8-F8E607CB608F}
		{BCD9D1F4-23B6-4B3D-833E-BA1AF2C20526} = {2B361E06-CFE8-4840-B96F-6C800C820A83}
	EndGlobalSection
	GlobalSection(ExtensibilityGlobals) = postSolution
		SolutionGuid = {D8128C7F-CA66-4F2A-995B-EF3E011ACBE7}
	EndGlobalSection
EndGlobal
